
Microsoft Visual Studio Solution File, Format Version 12.00
# Visual Studio Version 16
VisualStudioVersion = 16.0.31205.134
MinimumVisualStudioVersion = 10.0.40219.1
Project("{FAE04EC0-301F-11D3-BF4B-00C04F79EFBC}") = "ASHttpStarter", "ASHttpStarter\ASHttpStarter.csproj", "{87373E66-F5C2-4401-8CB1-46D4E8DFEE57}"
EndProject
Global
	GlobalSection(SolutionConfigurationPlatforms) = preSolution
		Debug|Any CPU = Debug|Any CPU
		Release|Any CPU = Release|Any CPU
	EndGlobalSection
	GlobalSection(ProjectConfigurationPlatforms) = postSolution
		{87373E66-F5C2-4401-8CB1-46D4E8DFEE57}.Debug|Any CPU.ActiveCfg = Debug|Any CPU
		{87373E66-F5C2-4401-8CB1-46D4E8DFEE57}.Debug|Any CPU.Build.0 = Debug|Any CPU
		{87373E66-F5C2-4401-8CB1-46D4E8DFEE57}.Release|Any CPU.ActiveCfg = Release|Any CPU
		{87373E66-F5C2-4401-8CB1-46D4E8DFEE57}.Release|Any CPU.Build.0 = Release|Any CPU
	EndGlobalSection
	GlobalSection(SolutionProperties) = preSolution
		HideSolutionNode = FALSE
	EndGlobalSection
	GlobalSection(ExtensibilityGlobals) = postSolution
		SolutionGuid = {8D14247A-36CA-4736-A56E-95AEF95F49D3}
	EndGlobalSection
EndGlobal
